
Microsoft Visual Studio Solution File, Format Version 12.00
# Visual Studio Version 17
VisualStudioVersion = 17.1.32319.34
MinimumVisualStudioVersion = 10.0.40219.1
Project("{9A19103F-16F7-4668-BE54-9A1E7A4F7556}") = "UI", "UI\UI.csproj", "{B7062FEF-FDA7-4A78-B5F4-259D9BD49F74}"
EndProject
Project("{FAE04EC0-301F-11D3-BF4B-00C04F79EFBC}") = "PSUManager", "PSUManager\PSUManager.csproj", "{70D8C6F3-5763-44F5-A8D0-B41B3C9FAAFE}"
EndProject
Project("{FAE04EC0-301F-11D3-BF4B-00C04F79EFBC}") = "MessageService", "MessageService\MessageService.csproj", "{FA976DCB-FEC9-4146-9D41-81481AEDE16B}"
EndProject
Project("{9A19103F-16F7-4668-BE54-9A1E7A4F7556}") = "PSU", "PSU\PSU.csproj", "{FD51E55C-653B-49B6-B95F-569631667239}"
EndProject
Global
	GlobalSection(SolutionConfigurationPlatforms) = preSolution
		Debug|Any CPU = Debug|Any CPU
		Release|Any CPU = Release|Any CPU
	EndGlobalSection
	GlobalSection(ProjectConfigurationPlatforms) = postSolution
		{B7062FEF-FDA7-4A78-B5F4-259D9BD49F74}.Debug|Any CPU.ActiveCfg = Debug|Any CPU
		{B7062FEF-FDA7-4A78-B5F4-259D9BD49F74}.Debug|Any CPU.Build.0 = Debug|Any CPU
		{B7062FEF-FDA7-4A78-B5F4-259D9BD49F74}.Release|Any CPU.ActiveCfg = Release|Any CPU
		{B7062FEF-FDA7-4A78-B5F4-259D9BD49F74}.Release|Any CPU.Build.0 = Release|Any CPU
		{70D8C6F3-5763-44F5-A8D0-B41B3C9FAAFE}.Debug|Any CPU.ActiveCfg = Debug|Any CPU
		{70D8C6F3-5763-44F5-A8D0-B41B3C9FAAFE}.Debug|Any CPU.Build.0 = Debug|Any CPU
		{70D8C6F3-5763-44F5-A8D0-B41B3C9FAAFE}.Release|Any CPU.ActiveCfg = Release|Any CPU
		{70D8C6F3-5763-44F5-A8D0-B41B3C9FAAFE}.Release|Any CPU.Build.0 = Release|Any CPU
		{FA976DCB-FEC9-4146-9D41-81481AEDE16B}.Debug|Any CPU.ActiveCfg = Debug|Any CPU
		{FA976DCB-FEC9-4146-9D41-81481AEDE16B}.Debug|Any CPU.Build.0 = Debug|Any CPU
		{FA976DCB-FEC9-4146-9D41-81481AEDE16B}.Release|Any CPU.ActiveCfg = Release|Any CPU
		{FA976DCB-FEC9-4146-9D41-81481AEDE16B}.Release|Any CPU.Build.0 = Release|Any CPU
		{FD51E55C-653B-49B6-B95F-569631667239}.Debug|Any CPU.ActiveCfg = Debug|Any CPU
		{FD51E55C-653B-49B6-B95F-569631667239}.Debug|Any CPU.Build.0 = Debug|Any CPU
		{FD51E55C-653B-49B6-B95F-569631667239}.Release|Any CPU.ActiveCfg = Release|Any CPU
		{FD51E55C-653B-49B6-B95F-569631667239}.Release|Any CPU.Build.0 = Release|Any CPU
	EndGlobalSection
	GlobalSection(SolutionProperties) = preSolution
		HideSolutionNode = FALSE
	EndGlobalSection
	GlobalSection(ExtensibilityGlobals) = postSolution
		SolutionGuid = {7526AE82-FC01-478D-B8C5-0C6AD338F2D6}
	EndGlobalSection
EndGlobal
